// !$*UTF8*$!
{
	archiveVersion = 1;
	classes = {
	};
	objectVersion = 56;
	objects = {

/* Begin PBXBuildFile section */
		C5C533EE2A62F436003EE909 /* User.swift in Sources */ = {isa = PBXBuildFile; fileRef = C5C533ED2A62F436003EE909 /* User.swift */; };
		C5C75EC82A65B5110055961A /* NavigationButton.swift in Sources */ = {isa = PBXBuildFile; fileRef = C5C75EC72A65B5110055961A /* NavigationButton.swift */; };
		C5C75ECC2A65BD060055961A /* NotificationService.swift in Sources */ = {isa = PBXBuildFile; fileRef = C5C75ECB2A65BD060055961A /* NotificationService.swift */; };
		C5D198532A66EEA000E1E0F8 /* ListView.swift in Sources */ = {isa = PBXBuildFile; fileRef = C5D198522A66EEA000E1E0F8 /* ListView.swift */; };
		C5D198592A66F17F00E1E0F8 /* LoginViewModel.swift in Sources */ = {isa = PBXBuildFile; fileRef = C5D198582A66F17F00E1E0F8 /* LoginViewModel.swift */; };
		C5D1985B2A66F58E00E1E0F8 /* TransitionView.swift in Sources */ = {isa = PBXBuildFile; fileRef = C5D1985A2A66F58E00E1E0F8 /* TransitionView.swift */; };
		C5D1985D2A66F7AC00E1E0F8 /* LoginView.swift in Sources */ = {isa = PBXBuildFile; fileRef = C5D1985C2A66F7AC00E1E0F8 /* LoginView.swift */; };
		C5D1985F2A66FDCE00E1E0F8 /* PassengerCard.swift in Sources */ = {isa = PBXBuildFile; fileRef = C5D1985E2A66FDCE00E1E0F8 /* PassengerCard.swift */; };
		DE9FECE52A6156B000BF256A /* MapViewModel.swift in Sources */ = {isa = PBXBuildFile; fileRef = DE9FECE42A6156B000BF256A /* MapViewModel.swift */; };
		DEE253002A6138EA00A54602 /* EmergencyResponseMRTApp.swift in Sources */ = {isa = PBXBuildFile; fileRef = DEE252FF2A6138EA00A54602 /* EmergencyResponseMRTApp.swift */; };
		DEE253022A6138EA00A54602 /* ContentView.swift in Sources */ = {isa = PBXBuildFile; fileRef = DEE253012A6138EA00A54602 /* ContentView.swift */; };
		DEE253042A6138EB00A54602 /* Assets.xcassets in Resources */ = {isa = PBXBuildFile; fileRef = DEE253032A6138EB00A54602 /* Assets.xcassets */; };
		DEE253072A6138EB00A54602 /* Preview Assets.xcassets in Resources */ = {isa = PBXBuildFile; fileRef = DEE253062A6138EB00A54602 /* Preview Assets.xcassets */; };
		DEE253142A613AE500A54602 /* AdminHomeView.swift in Sources */ = {isa = PBXBuildFile; fileRef = DEE253132A613AE500A54602 /* AdminHomeView.swift */; };
		DEE253162A613AF100A54602 /* UserHomeView.swift in Sources */ = {isa = PBXBuildFile; fileRef = DEE253152A613AF100A54602 /* UserHomeView.swift */; };
		DEE2531C2A613B9200A54602 /* UserHomeViewModel.swift in Sources */ = {isa = PBXBuildFile; fileRef = DEE2531B2A613B9200A54602 /* UserHomeViewModel.swift */; };
		DEE2531F2A613BAB00A54602 /* AdminHomeViewModel.swift in Sources */ = {isa = PBXBuildFile; fileRef = DEE2531E2A613BAB00A54602 /* AdminHomeViewModel.swift */; };
		DEE253212A613BB500A54602 /* CupertinoButton.swift in Sources */ = {isa = PBXBuildFile; fileRef = DEE253202A613BB500A54602 /* CupertinoButton.swift */; };
		DEE253232A613EEE00A54602 /* ReportButton.swift in Sources */ = {isa = PBXBuildFile; fileRef = DEE253222A613EEE00A54602 /* ReportButton.swift */; };
		DEE253262A613F9B00A54602 /* MapView.swift in Sources */ = {isa = PBXBuildFile; fileRef = DEE253252A613F9B00A54602 /* MapView.swift */; };
/* End PBXBuildFile section */

/* Begin PBXFileReference section */
		C5C533ED2A62F436003EE909 /* User.swift */ = {isa = PBXFileReference; lastKnownFileType = sourcecode.swift; path = User.swift; sourceTree = "<group>"; };
		C5C75EC72A65B5110055961A /* NavigationButton.swift */ = {isa = PBXFileReference; lastKnownFileType = sourcecode.swift; path = NavigationButton.swift; sourceTree = "<group>"; };
		C5C75ECB2A65BD060055961A /* NotificationService.swift */ = {isa = PBXFileReference; lastKnownFileType = sourcecode.swift; path = NotificationService.swift; sourceTree = "<group>"; };
		C5D198522A66EEA000E1E0F8 /* ListView.swift */ = {isa = PBXFileReference; lastKnownFileType = sourcecode.swift; path = ListView.swift; sourceTree = "<group>"; };
		C5D198582A66F17F00E1E0F8 /* LoginViewModel.swift */ = {isa = PBXFileReference; lastKnownFileType = sourcecode.swift; path = LoginViewModel.swift; sourceTree = "<group>"; };
		C5D1985A2A66F58E00E1E0F8 /* TransitionView.swift */ = {isa = PBXFileReference; lastKnownFileType = sourcecode.swift; path = TransitionView.swift; sourceTree = "<group>"; };
		C5D1985C2A66F7AC00E1E0F8 /* LoginView.swift */ = {isa = PBXFileReference; lastKnownFileType = sourcecode.swift; path = LoginView.swift; sourceTree = "<group>"; };
		C5D1985E2A66FDCE00E1E0F8 /* PassengerCard.swift */ = {isa = PBXFileReference; lastKnownFileType = sourcecode.swift; path = PassengerCard.swift; sourceTree = "<group>"; };
		DE9FECE12A6155AB00BF256A /* The Breeze.gpx */ = {isa = PBXFileReference; lastKnownFileType = text.xml; path = "The Breeze.gpx"; sourceTree = "<group>"; };
		DE9FECE42A6156B000BF256A /* MapViewModel.swift */ = {isa = PBXFileReference; lastKnownFileType = sourcecode.swift; path = MapViewModel.swift; sourceTree = "<group>"; };
		DE9FECE62A615BC100BF256A /* Info.plist */ = {isa = PBXFileReference; lastKnownFileType = text.plist; path = Info.plist; sourceTree = "<group>"; };
		DEE252FC2A6138EA00A54602 /* EmergencyResponseMRT.app */ = {isa = PBXFileReference; explicitFileType = wrapper.application; includeInIndex = 0; path = EmergencyResponseMRT.app; sourceTree = BUILT_PRODUCTS_DIR; };
		DEE252FF2A6138EA00A54602 /* EmergencyResponseMRTApp.swift */ = {isa = PBXFileReference; lastKnownFileType = sourcecode.swift; path = EmergencyResponseMRTApp.swift; sourceTree = "<group>"; };
		DEE253012A6138EA00A54602 /* ContentView.swift */ = {isa = PBXFileReference; lastKnownFileType = sourcecode.swift; path = ContentView.swift; sourceTree = "<group>"; };
		DEE253032A6138EB00A54602 /* Assets.xcassets */ = {isa = PBXFileReference; lastKnownFileType = folder.assetcatalog; path = Assets.xcassets; sourceTree = "<group>"; };
		DEE253062A6138EB00A54602 /* Preview Assets.xcassets */ = {isa = PBXFileReference; lastKnownFileType = folder.assetcatalog; path = "Preview Assets.xcassets"; sourceTree = "<group>"; };
		DEE253132A613AE500A54602 /* AdminHomeView.swift */ = {isa = PBXFileReference; lastKnownFileType = sourcecode.swift; path = AdminHomeView.swift; sourceTree = "<group>"; };
		DEE253152A613AF100A54602 /* UserHomeView.swift */ = {isa = PBXFileReference; lastKnownFileType = sourcecode.swift; path = UserHomeView.swift; sourceTree = "<group>"; };
		DEE2531B2A613B9200A54602 /* UserHomeViewModel.swift */ = {isa = PBXFileReference; lastKnownFileType = sourcecode.swift; path = UserHomeViewModel.swift; sourceTree = "<group>"; };
		DEE2531E2A613BAB00A54602 /* AdminHomeViewModel.swift */ = {isa = PBXFileReference; lastKnownFileType = sourcecode.swift; path = AdminHomeViewModel.swift; sourceTree = "<group>"; };
		DEE253202A613BB500A54602 /* CupertinoButton.swift */ = {isa = PBXFileReference; lastKnownFileType = sourcecode.swift; path = CupertinoButton.swift; sourceTree = "<group>"; };
		DEE253222A613EEE00A54602 /* ReportButton.swift */ = {isa = PBXFileReference; lastKnownFileType = sourcecode.swift; path = ReportButton.swift; sourceTree = "<group>"; };
		DEE253252A613F9B00A54602 /* MapView.swift */ = {isa = PBXFileReference; lastKnownFileType = sourcecode.swift; path = MapView.swift; sourceTree = "<group>"; };
/* End PBXFileReference section */

/* Begin PBXFrameworksBuildPhase section */
		DEE252F92A6138EA00A54602 /* Frameworks */ = {
			isa = PBXFrameworksBuildPhase;
			buildActionMask = 2147483647;
			files = (
			);
			runOnlyForDeploymentPostprocessing = 0;
		};
/* End PBXFrameworksBuildPhase section */

/* Begin PBXGroup section */
		C5C533EC2A62F42C003EE909 /* Models */ = {
			isa = PBXGroup;
			children = (
				C5C533ED2A62F436003EE909 /* User.swift */,
			);
			path = Models;
			sourceTree = "<group>";
		};
		C5C75ECA2A65BCEF0055961A /* Services */ = {
			isa = PBXGroup;
			children = (
				C5C75ECB2A65BD060055961A /* NotificationService.swift */,
			);
			path = Services;
			sourceTree = "<group>";
		};
		DEE252F32A6138EA00A54602 = {
			isa = PBXGroup;
			children = (
				DEE252FE2A6138EA00A54602 /* EmergencyResponseMRT */,
				DEE252FD2A6138EA00A54602 /* Products */,
			);
			sourceTree = "<group>";
		};
		DEE252FD2A6138EA00A54602 /* Products */ = {
			isa = PBXGroup;
			children = (
				DEE252FC2A6138EA00A54602 /* EmergencyResponseMRT.app */,
			);
			name = Products;
			sourceTree = "<group>";
		};
		DEE252FE2A6138EA00A54602 /* EmergencyResponseMRT */ = {
			isa = PBXGroup;
			children = (
				C5C75ECA2A65BCEF0055961A /* Services */,
				C5C533EC2A62F42C003EE909 /* Models */,
				DE9FECE62A615BC100BF256A /* Info.plist */,
				DEE2531A2A613B2B00A54602 /* ViewModels */,
				DEE253172A613B1300A54602 /* Components */,
				DEE2530F2A613AA100A54602 /* Views */,
				DEE252FF2A6138EA00A54602 /* EmergencyResponseMRTApp.swift */,
				DEE253012A6138EA00A54602 /* ContentView.swift */,
				DE9FECE12A6155AB00BF256A /* The Breeze.gpx */,
				DEE253032A6138EB00A54602 /* Assets.xcassets */,
				DEE253052A6138EB00A54602 /* Preview Content */,
			);
			path = EmergencyResponseMRT;
			sourceTree = "<group>";
		};
		DEE253052A6138EB00A54602 /* Preview Content */ = {
			isa = PBXGroup;
			children = (
				DEE253062A6138EB00A54602 /* Preview Assets.xcassets */,
			);
			path = "Preview Content";
			sourceTree = "<group>";
		};
		DEE2530F2A613AA100A54602 /* Views */ = {
			isa = PBXGroup;
			children = (
				DEE253242A613F9100A54602 /* Map */,
				DEE253102A613AC800A54602 /* Home */,
				C5D198522A66EEA000E1E0F8 /* ListView.swift */,
				C5D1985A2A66F58E00E1E0F8 /* TransitionView.swift */,
				C5D1985C2A66F7AC00E1E0F8 /* LoginView.swift */,
			);
			path = Views;
			sourceTree = "<group>";
		};
		DEE253102A613AC800A54602 /* Home */ = {
			isa = PBXGroup;
			children = (
				DEE253132A613AE500A54602 /* AdminHomeView.swift */,
				DEE253152A613AF100A54602 /* UserHomeView.swift */,
			);
			path = Home;
			sourceTree = "<group>";
		};
		DEE253172A613B1300A54602 /* Components */ = {
			isa = PBXGroup;
			children = (
				DEE253202A613BB500A54602 /* CupertinoButton.swift */,
				DEE253222A613EEE00A54602 /* ReportButton.swift */,
				C5C75EC72A65B5110055961A /* NavigationButton.swift */,
				C5D1985E2A66FDCE00E1E0F8 /* PassengerCard.swift */,
			);
			path = Components;
			sourceTree = "<group>";
		};
		DEE2531A2A613B2B00A54602 /* ViewModels */ = {
			isa = PBXGroup;
			children = (
				DEE2531D2A613B9A00A54602 /* Home */,
				DE9FECE42A6156B000BF256A /* MapViewModel.swift */,
				C5D198582A66F17F00E1E0F8 /* LoginViewModel.swift */,
			);
			path = ViewModels;
			sourceTree = "<group>";
		};
		DEE2531D2A613B9A00A54602 /* Home */ = {
			isa = PBXGroup;
			children = (
				DEE2531B2A613B9200A54602 /* UserHomeViewModel.swift */,
				DEE2531E2A613BAB00A54602 /* AdminHomeViewModel.swift */,
			);
			path = Home;
			sourceTree = "<group>";
		};
		DEE253242A613F9100A54602 /* Map */ = {
			isa = PBXGroup;
			children = (
				DEE253252A613F9B00A54602 /* MapView.swift */,
			);
			path = Map;
			sourceTree = "<group>";
		};
/* End PBXGroup section */

/* Begin PBXNativeTarget section */
		DEE252FB2A6138EA00A54602 /* EmergencyResponseMRT */ = {
			isa = PBXNativeTarget;
			buildConfigurationList = DEE2530A2A6138EB00A54602 /* Build configuration list for PBXNativeTarget "EmergencyResponseMRT" */;
			buildPhases = (
				DEE252F82A6138EA00A54602 /* Sources */,
				DEE252F92A6138EA00A54602 /* Frameworks */,
				DEE252FA2A6138EA00A54602 /* Resources */,
			);
			buildRules = (
			);
			dependencies = (
			);
			name = EmergencyResponseMRT;
			productName = EmergencyResponseMRT;
			productReference = DEE252FC2A6138EA00A54602 /* EmergencyResponseMRT.app */;
			productType = "com.apple.product-type.application";
		};
/* End PBXNativeTarget section */

/* Begin PBXProject section */
		DEE252F42A6138EA00A54602 /* Project object */ = {
			isa = PBXProject;
			attributes = {
				BuildIndependentTargetsInParallel = 1;
				LastSwiftUpdateCheck = 1430;
				LastUpgradeCheck = 1430;
				TargetAttributes = {
					DEE252FB2A6138EA00A54602 = {
						CreatedOnToolsVersion = 14.3.1;
					};
				};
			};
			buildConfigurationList = DEE252F72A6138EA00A54602 /* Build configuration list for PBXProject "EmergencyResponseMRT" */;
			compatibilityVersion = "Xcode 14.0";
			developmentRegion = en;
			hasScannedForEncodings = 0;
			knownRegions = (
				en,
				Base,
			);
			mainGroup = DEE252F32A6138EA00A54602;
			productRefGroup = DEE252FD2A6138EA00A54602 /* Products */;
			projectDirPath = "";
			projectRoot = "";
			targets = (
				DEE252FB2A6138EA00A54602 /* EmergencyResponseMRT */,
			);
		};
/* End PBXProject section */

/* Begin PBXResourcesBuildPhase section */
		DEE252FA2A6138EA00A54602 /* Resources */ = {
			isa = PBXResourcesBuildPhase;
			buildActionMask = 2147483647;
			files = (
				DEE253072A6138EB00A54602 /* Preview Assets.xcassets in Resources */,
				DEE253042A6138EB00A54602 /* Assets.xcassets in Resources */,
			);
			runOnlyForDeploymentPostprocessing = 0;
		};
/* End PBXResourcesBuildPhase section */

/* Begin PBXSourcesBuildPhase section */
		DEE252F82A6138EA00A54602 /* Sources */ = {
			isa = PBXSourcesBuildPhase;
			buildActionMask = 2147483647;
			files = (
				DEE253162A613AF100A54602 /* UserHomeView.swift in Sources */,
				DE9FECE52A6156B000BF256A /* MapViewModel.swift in Sources */,
				C5C75ECC2A65BD060055961A /* NotificationService.swift in Sources */,
				DEE253212A613BB500A54602 /* CupertinoButton.swift in Sources */,
				DEE253022A6138EA00A54602 /* ContentView.swift in Sources */,
				C5D1985B2A66F58E00E1E0F8 /* TransitionView.swift in Sources */,
				DEE253002A6138EA00A54602 /* EmergencyResponseMRTApp.swift in Sources */,
				C5C75EC82A65B5110055961A /* NavigationButton.swift in Sources */,
				C5D1985F2A66FDCE00E1E0F8 /* PassengerCard.swift in Sources */,
				DEE2531F2A613BAB00A54602 /* AdminHomeViewModel.swift in Sources */,
				DEE253232A613EEE00A54602 /* ReportButton.swift in Sources */,
				C5D1985D2A66F7AC00E1E0F8 /* LoginView.swift in Sources */,
				DEE253142A613AE500A54602 /* AdminHomeView.swift in Sources */,
				C5D198532A66EEA000E1E0F8 /* ListView.swift in Sources */,
				DEE253262A613F9B00A54602 /* MapView.swift in Sources */,
				DEE2531C2A613B9200A54602 /* UserHomeViewModel.swift in Sources */,
				C5C533EE2A62F436003EE909 /* User.swift in Sources */,
				C5D198592A66F17F00E1E0F8 /* LoginViewModel.swift in Sources */,
			);
			runOnlyForDeploymentPostprocessing = 0;
		};
/* End PBXSourcesBuildPhase section */

/* Begin XCBuildConfiguration section */
		DEE253082A6138EB00A54602 /* Debug */ = {
			isa = XCBuildConfiguration;
			buildSettings = {
				ALWAYS_SEARCH_USER_PATHS = NO;
				CLANG_ANALYZER_NONNULL = YES;
				CLANG_ANALYZER_NUMBER_OBJECT_CONVERSION = YES_AGGRESSIVE;
				CLANG_CXX_LANGUAGE_STANDARD = "gnu++20";
				CLANG_ENABLE_MODULES = YES;
				CLANG_ENABLE_OBJC_ARC = YES;
				CLANG_ENABLE_OBJC_WEAK = YES;
				CLANG_WARN_BLOCK_CAPTURE_AUTORELEASING = YES;
				CLANG_WARN_BOOL_CONVERSION = YES;
				CLANG_WARN_COMMA = YES;
				CLANG_WARN_CONSTANT_CONVERSION = YES;
				CLANG_WARN_DEPRECATED_OBJC_IMPLEMENTATIONS = YES;
				CLANG_WARN_DIRECT_OBJC_ISA_USAGE = YES_ERROR;
				CLANG_WARN_DOCUMENTATION_COMMENTS = YES;
				CLANG_WARN_EMPTY_BODY = YES;
				CLANG_WARN_ENUM_CONVERSION = YES;
				CLANG_WARN_INFINITE_RECURSION = YES;
				CLANG_WARN_INT_CONVERSION = YES;
				CLANG_WARN_NON_LITERAL_NULL_CONVERSION = YES;
				CLANG_WARN_OBJC_IMPLICIT_RETAIN_SELF = YES;
				CLANG_WARN_OBJC_LITERAL_CONVERSION = YES;
				CLANG_WARN_OBJC_ROOT_CLASS = YES_ERROR;
				CLANG_WARN_QUOTED_INCLUDE_IN_FRAMEWORK_HEADER = YES;
				CLANG_WARN_RANGE_LOOP_ANALYSIS = YES;
				CLANG_WARN_STRICT_PROTOTYPES = YES;
				CLANG_WARN_SUSPICIOUS_MOVE = YES;
				CLANG_WARN_UNGUARDED_AVAILABILITY = YES_AGGRESSIVE;
				CLANG_WARN_UNREACHABLE_CODE = YES;
				CLANG_WARN__DUPLICATE_METHOD_MATCH = YES;
				COPY_PHASE_STRIP = NO;
				DEBUG_INFORMATION_FORMAT = dwarf;
				ENABLE_STRICT_OBJC_MSGSEND = YES;
				ENABLE_TESTABILITY = YES;
				GCC_C_LANGUAGE_STANDARD = gnu11;
				GCC_DYNAMIC_NO_PIC = NO;
				GCC_NO_COMMON_BLOCKS = YES;
				GCC_OPTIMIZATION_LEVEL = 0;
				GCC_PREPROCESSOR_DEFINITIONS = (
					"DEBUG=1",
					"$(inherited)",
				);
				GCC_WARN_64_TO_32_BIT_CONVERSION = YES;
				GCC_WARN_ABOUT_RETURN_TYPE = YES_ERROR;
				GCC_WARN_UNDECLARED_SELECTOR = YES;
				GCC_WARN_UNINITIALIZED_AUTOS = YES_AGGRESSIVE;
				GCC_WARN_UNUSED_FUNCTION = YES;
				GCC_WARN_UNUSED_VARIABLE = YES;
				IPHONEOS_DEPLOYMENT_TARGET = 16.4;
				MTL_ENABLE_DEBUG_INFO = INCLUDE_SOURCE;
				MTL_FAST_MATH = YES;
				ONLY_ACTIVE_ARCH = YES;
				SDKROOT = iphoneos;
				SWIFT_ACTIVE_COMPILATION_CONDITIONS = DEBUG;
				SWIFT_OPTIMIZATION_LEVEL = "-Onone";
			};
			name = Debug;
		};
		DEE253092A6138EB00A54602 /* Release */ = {
			isa = XCBuildConfiguration;
			buildSettings = {
				ALWAYS_SEARCH_USER_PATHS = NO;
				CLANG_ANALYZER_NONNULL = YES;
				CLANG_ANALYZER_NUMBER_OBJECT_CONVERSION = YES_AGGRESSIVE;
				CLANG_CXX_LANGUAGE_STANDARD = "gnu++20";
				CLANG_ENABLE_MODULES = YES;
				CLANG_ENABLE_OBJC_ARC = YES;
				CLANG_ENABLE_OBJC_WEAK = YES;
				CLANG_WARN_BLOCK_CAPTURE_AUTORELEASING = YES;
				CLANG_WARN_BOOL_CONVERSION = YES;
				CLANG_WARN_COMMA = YES;
				CLANG_WARN_CONSTANT_CONVERSION = YES;
				CLANG_WARN_DEPRECATED_OBJC_IMPLEMENTATIONS = YES;
				CLANG_WARN_DIRECT_OBJC_ISA_USAGE = YES_ERROR;
				CLANG_WARN_DOCUMENTATION_COMMENTS = YES;
				CLANG_WARN_EMPTY_BODY = YES;
				CLANG_WARN_ENUM_CONVERSION = YES;
				CLANG_WARN_INFINITE_RECURSION = YES;
				CLANG_WARN_INT_CONVERSION = YES;
				CLANG_WARN_NON_LITERAL_NULL_CONVERSION = YES;
				CLANG_WARN_OBJC_IMPLICIT_RETAIN_SELF = YES;
				CLANG_WARN_OBJC_LITERAL_CONVERSION = YES;
				CLANG_WARN_OBJC_ROOT_CLASS = YES_ERROR;
				CLANG_WARN_QUOTED_INCLUDE_IN_FRAMEWORK_HEADER = YES;
				CLANG_WARN_RANGE_LOOP_ANALYSIS = YES;
				CLANG_WARN_STRICT_PROTOTYPES = YES;
				CLANG_WARN_SUSPICIOUS_MOVE = YES;
				CLANG_WARN_UNGUARDED_AVAILABILITY = YES_AGGRESSIVE;
				CLANG_WARN_UNREACHABLE_CODE = YES;
				CLANG_WARN__DUPLICATE_METHOD_MATCH = YES;
				COPY_PHASE_STRIP = NO;
				DEBUG_INFORMATION_FORMAT = "dwarf-with-dsym";
				ENABLE_NS_ASSERTIONS = NO;
				ENABLE_STRICT_OBJC_MSGSEND = YES;
				GCC_C_LANGUAGE_STANDARD = gnu11;
				GCC_NO_COMMON_BLOCKS = YES;
				GCC_WARN_64_TO_32_BIT_CONVERSION = YES;
				GCC_WARN_ABOUT_RETURN_TYPE = YES_ERROR;
				GCC_WARN_UNDECLARED_SELECTOR = YES;
				GCC_WARN_UNINITIALIZED_AUTOS = YES_AGGRESSIVE;
				GCC_WARN_UNUSED_FUNCTION = YES;
				GCC_WARN_UNUSED_VARIABLE = YES;
				IPHONEOS_DEPLOYMENT_TARGET = 16.4;
				MTL_ENABLE_DEBUG_INFO = NO;
				MTL_FAST_MATH = YES;
				SDKROOT = iphoneos;
				SWIFT_COMPILATION_MODE = wholemodule;
				SWIFT_OPTIMIZATION_LEVEL = "-O";
				VALIDATE_PRODUCT = YES;
			};
			name = Release;
		};
		DEE2530B2A6138EB00A54602 /* Debug */ = {
			isa = XCBuildConfiguration;
			buildSettings = {
				ASSETCATALOG_COMPILER_APPICON_NAME = AppIcon;
				ASSETCATALOG_COMPILER_GLOBAL_ACCENT_COLOR_NAME = AccentColor;
				CODE_SIGN_STYLE = Automatic;
				CURRENT_PROJECT_VERSION = 1;
				DEVELOPMENT_ASSET_PATHS = "\"EmergencyResponseMRT/Preview Content\"";
				DEVELOPMENT_TEAM = KYR4X9M655;
				ENABLE_PREVIEWS = YES;
				GENERATE_INFOPLIST_FILE = YES;
				INFOPLIST_FILE = EmergencyResponseMRT/Info.plist;
				INFOPLIST_KEY_NSLocationAlwaysAndWhenInUseUsageDescription = "";
				INFOPLIST_KEY_NSLocationUsageDescription = "";
				INFOPLIST_KEY_NSLocationWhenInUseUsageDescription = "";
				INFOPLIST_KEY_UIApplicationSceneManifest_Generation = YES;
				INFOPLIST_KEY_UIApplicationSupportsIndirectInputEvents = YES;
				INFOPLIST_KEY_UILaunchScreen_Generation = YES;
				INFOPLIST_KEY_UISupportedInterfaceOrientations_iPad = "UIInterfaceOrientationPortrait UIInterfaceOrientationPortraitUpsideDown UIInterfaceOrientationLandscapeLeft UIInterfaceOrientationLandscapeRight";
				INFOPLIST_KEY_UISupportedInterfaceOrientations_iPhone = "UIInterfaceOrientationPortrait UIInterfaceOrientationLandscapeLeft UIInterfaceOrientationLandscapeRight";
				LD_RUNPATH_SEARCH_PATHS = (
					"$(inherited)",
					"@executable_path/Frameworks",
				);
				MARKETING_VERSION = 1.0;
				PRODUCT_BUNDLE_IDENTIFIER = haikallazuardi.EmergencyResponseMRT;
				PRODUCT_NAME = "$(TARGET_NAME)";
				SWIFT_EMIT_LOC_STRINGS = YES;
				SWIFT_VERSION = 5.0;
				TARGETED_DEVICE_FAMILY = "1,2";
			};
			name = Debug;
		};
		DEE2530C2A6138EB00A54602 /* Release */ = {
			isa = XCBuildConfiguration;
			buildSettings = {
				ASSETCATALOG_COMPILER_APPICON_NAME = AppIcon;
				ASSETCATALOG_COMPILER_GLOBAL_ACCENT_COLOR_NAME = AccentColor;
				CODE_SIGN_STYLE = Automatic;
				CURRENT_PROJECT_VERSION = 1;
				DEVELOPMENT_ASSET_PATHS = "\"EmergencyResponseMRT/Preview Content\"";
				DEVELOPMENT_TEAM = KYR4X9M655;
				ENABLE_PREVIEWS = YES;
				GENERATE_INFOPLIST_FILE = YES;
				INFOPLIST_FILE = EmergencyResponseMRT/Info.plist;
				INFOPLIST_KEY_NSLocationAlwaysAndWhenInUseUsageDescription = "";
				INFOPLIST_KEY_NSLocationUsageDescription = "";
				INFOPLIST_KEY_NSLocationWhenInUseUsageDescription = "";
				INFOPLIST_KEY_UIApplicationSceneManifest_Generation = YES;
				INFOPLIST_KEY_UIApplicationSupportsIndirectInputEvents = YES;
				INFOPLIST_KEY_UILaunchScreen_Generation = YES;
				INFOPLIST_KEY_UISupportedInterfaceOrientations_iPad = "UIInterfaceOrientationPortrait UIInterfaceOrientationPortraitUpsideDown UIInterfaceOrientationLandscapeLeft UIInterfaceOrientationLandscapeRight";
				INFOPLIST_KEY_UISupportedInterfaceOrientations_iPhone = "UIInterfaceOrientationPortrait UIInterfaceOrientationLandscapeLeft UIInterfaceOrientationLandscapeRight";
				LD_RUNPATH_SEARCH_PATHS = (
					"$(inherited)",
					"@executable_path/Frameworks",
				);
				MARKETING_VERSION = 1.0;
				PRODUCT_BUNDLE_IDENTIFIER = haikallazuardi.EmergencyResponseMRT;
				PRODUCT_NAME = "$(TARGET_NAME)";
				SWIFT_EMIT_LOC_STRINGS = YES;
				SWIFT_VERSION = 5.0;
				TARGETED_DEVICE_FAMILY = "1,2";
			};
			name = Release;
		};
/* End XCBuildConfiguration section */

/* Begin XCConfigurationList section */
		DEE252F72A6138EA00A54602 /* Build configuration list for PBXProject "EmergencyResponseMRT" */ = {
			isa = XCConfigurationList;
			buildConfigurations = (
				DEE253082A6138EB00A54602 /* Debug */,
				DEE253092A6138EB00A54602 /* Release */,
			);
			defaultConfigurationIsVisible = 0;
			defaultConfigurationName = Release;
		};
		DEE2530A2A6138EB00A54602 /* Build configuration list for PBXNativeTarget "EmergencyResponseMRT" */ = {
			isa = XCConfigurationList;
			buildConfigurations = (
				DEE2530B2A6138EB00A54602 /* Debug */,
				DEE2530C2A6138EB00A54602 /* Release */,
			);
			defaultConfigurationIsVisible = 0;
			defaultConfigurationName = Release;
		};
/* End XCConfigurationList section */
	};
	rootObject = DEE252F42A6138EA00A54602 /* Project object */;
}
